// !$*UTF8*$!
{
	archiveVersion = 1;
	classes = {
	};
	objectVersion = 56;
	objects = {

/* Begin PBXBuildFile section */
		AA27CED42C0684B1000C89DA /* BarUnderneathApp.swift in Sources */ = {isa = PBXBuildFile; fileRef = AA27CED32C0684B1000C89DA /* BarUnderneathApp.swift */; };
		AA27CED62C0684B1000C89DA /* ContentView.swift in Sources */ = {isa = PBXBuildFile; fileRef = AA27CED52C0684B1000C89DA /* ContentView.swift */; };
		AA27CED82C0684B2000C89DA /* Assets.xcassets in Resources */ = {isa = PBXBuildFile; fileRef = AA27CED72C0684B2000C89DA /* Assets.xcassets */; };
		AA27CEDB2C0684B2000C89DA /* Preview Assets.xcassets in Resources */ = {isa = PBXBuildFile; fileRef = AA27CEDA2C0684B2000C89DA /* Preview Assets.xcassets */; };
		AA27CEE62C0684B2000C89DA /* BarUnderneathTests.swift in Sources */ = {isa = PBXBuildFile; fileRef = AA27CEE52C0684B2000C89DA /* BarUnderneathTests.swift */; };
		AA27CEF02C0684B2000C89DA /* BarUnderneathUITests.swift in Sources */ = {isa = PBXBuildFile; fileRef = AA27CEEF2C0684B2000C89DA /* BarUnderneathUITests.swift */; };
		AA27CEF22C0684B2000C89DA /* BarUnderneathUITestsLaunchTests.swift in Sources */ = {isa = PBXBuildFile; fileRef = AA27CEF12C0684B2000C89DA /* BarUnderneathUITestsLaunchTests.swift */; };
/* End PBXBuildFile section */

/* Begin PBXContainerItemProxy section */
		AA27CEE22C0684B2000C89DA /* PBXContainerItemProxy */ = {
			isa = PBXContainerItemProxy;
			containerPortal = AA27CEC82C0684B1000C89DA /* Project object */;
			proxyType = 1;
			remoteGlobalIDString = AA27CECF2C0684B1000C89DA;
			remoteInfo = BarUnderneath;
		};
		AA27CEEC2C0684B2000C89DA /* PBXContainerItemProxy */ = {
			isa = PBXContainerItemProxy;
			containerPortal = AA27CEC82C0684B1000C89DA /* Project object */;
			proxyType = 1;
			remoteGlobalIDString = AA27CECF2C0684B1000C89DA;
			remoteInfo = BarUnderneath;
		};
/* End PBXContainerItemProxy section */

/* Begin PBXFileReference section */
		AA27CED02C0684B1000C89DA /* BarUnderneath.app */ = {isa = PBXFileReference; explicitFileType = wrapper.application; includeInIndex = 0; path = BarUnderneath.app; sourceTree = BUILT_PRODUCTS_DIR; };
		AA27CED32C0684B1000C89DA /* BarUnderneathApp.swift */ = {isa = PBXFileReference; lastKnownFileType = sourcecode.swift; path = BarUnderneathApp.swift; sourceTree = "<group>"; };
		AA27CED52C0684B1000C89DA /* ContentView.swift */ = {isa = PBXFileReference; lastKnownFileType = sourcecode.swift; path = ContentView.swift; sourceTree = "<group>"; };
		AA27CED72C0684B2000C89DA /* Assets.xcassets */ = {isa = PBXFileReference; lastKnownFileType = folder.assetcatalog; path = Assets.xcassets; sourceTree = "<group>"; };
		AA27CEDA2C0684B2000C89DA /* Preview Assets.xcassets */ = {isa = PBXFileReference; lastKnownFileType = folder.assetcatalog; path = "Preview Assets.xcassets"; sourceTree = "<group>"; };
		AA27CEDC2C0684B2000C89DA /* BarUnderneath.entitlements */ = {isa = PBXFileReference; lastKnownFileType = text.plist.entitlements; path = BarUnderneath.entitlements; sourceTree = "<group>"; };
		AA27CEE12C0684B2000C89DA /* BarUnderneathTests.xctest */ = {isa = PBXFileReference; explicitFileType = wrapper.cfbundle; includeInIndex = 0; path = BarUnderneathTests.xctest; sourceTree = BUILT_PRODUCTS_DIR; };
		AA27CEE52C0684B2000C89DA /* BarUnderneathTests.swift */ = {isa = PBXFileReference; lastKnownFileType = sourcecode.swift; path = BarUnderneathTests.swift; sourceTree = "<group>"; };
		AA27CEEB2C0684B2000C89DA /* BarUnderneathUITests.xctest */ = {isa = PBXFileReference; explicitFileType = wrapper.cfbundle; includeInIndex = 0; path = BarUnderneathUITests.xctest; sourceTree = BUILT_PRODUCTS_DIR; };
		AA27CEEF2C0684B2000C89DA /* BarUnderneathUITests.swift */ = {isa = PBXFileReference; lastKnownFileType = sourcecode.swift; path = BarUnderneathUITests.swift; sourceTree = "<group>"; };
		AA27CEF12C0684B2000C89DA /* BarUnderneathUITestsLaunchTests.swift */ = {isa = PBXFileReference; lastKnownFileType = sourcecode.swift; path = BarUnderneathUITestsLaunchTests.swift; sourceTree = "<group>"; };
/* End PBXFileReference section */

/* Begin PBXFrameworksBuildPhase section */
		AA27CECD2C0684B1000C89DA /* Frameworks */ = {
			isa = PBXFrameworksBuildPhase;
			buildActionMask = 2147483647;
			files = (
			);
			runOnlyForDeploymentPostprocessing = 0;
		};
		AA27CEDE2C0684B2000C89DA /* Frameworks */ = {
			isa = PBXFrameworksBuildPhase;
			buildActionMask = 2147483647;
			files = (
			);
			runOnlyForDeploymentPostprocessing = 0;
		};
		AA27CEE82C0684B2000C89DA /* Frameworks */ = {
			isa = PBXFrameworksBuildPhase;
			buildActionMask = 2147483647;
			files = (
			);
			runOnlyForDeploymentPostprocessing = 0;
		};
/* End PBXFrameworksBuildPhase section */

/* Begin PBXGroup section */
		AA27CEC72C0684B1000C89DA = {
			isa = PBXGroup;
			children = (
				AA27CED22C0684B1000C89DA /* BarUnderneath */,
				AA27CEE42C0684B2000C89DA /* BarUnderneathTests */,
				AA27CEEE2C0684B2000C89DA /* BarUnderneathUITests */,
				AA27CED12C0684B1000C89DA /* Products */,
			);
			sourceTree = "<group>";
		};
		AA27CED12C0684B1000C89DA /* Products */ = {
			isa = PBXGroup;
			children = (
				AA27CED02C0684B1000C89DA /* BarUnderneath.app */,
				AA27CEE12C0684B2000C89DA /* BarUnderneathTests.xctest */,
				AA27CEEB2C0684B2000C89DA /* BarUnderneathUITests.xctest */,
			);
			name = Products;
			sourceTree = "<group>";
		};
		AA27CED22C0684B1000C89DA /* BarUnderneath */ = {
			isa = PBXGroup;
			children = (
				AA27CED32C0684B1000C89DA /* BarUnderneathApp.swift */,
				AA27CED52C0684B1000C89DA /* ContentView.swift */,
				AA27CED72C0684B2000C89DA /* Assets.xcassets */,
				AA27CEDC2C0684B2000C89DA /* BarUnderneath.entitlements */,
				AA27CED92C0684B2000C89DA /* Preview Content */,
			);
			path = BarUnderneath;
			sourceTree = "<group>";
		};
		AA27CED92C0684B2000C89DA /* Preview Content */ = {
			isa = PBXGroup;
			children = (
				AA27CEDA2C0684B2000C89DA /* Preview Assets.xcassets */,
			);
			path = "Preview Content";
			sourceTree = "<group>";
		};
		AA27CEE42C0684B2000C89DA /* BarUnderneathTests */ = {
			isa = PBXGroup;
			children = (
				AA27CEE52C0684B2000C89DA /* BarUnderneathTests.swift */,
			);
			path = BarUnderneathTests;
			sourceTree = "<group>";
		};
		AA27CEEE2C0684B2000C89DA /* BarUnderneathUITests */ = {
			isa = PBXGroup;
			children = (
				AA27CEEF2C0684B2000C89DA /* BarUnderneathUITests.swift */,
				AA27CEF12C0684B2000C89DA /* BarUnderneathUITestsLaunchTests.swift */,
			);
			path = BarUnderneathUITests;
			sourceTree = "<group>";
		};
/* End PBXGroup section */

/* Begin PBXNativeTarget section */
		AA27CECF2C0684B1000C89DA /* BarUnderneath */ = {
			isa = PBXNativeTarget;
			buildConfigurationList = AA27CEF52C0684B2000C89DA /* Build configuration list for PBXNativeTarget "BarUnderneath" */;
			buildPhases = (
				AA27CECC2C0684B1000C89DA /* Sources */,
				AA27CECD2C0684B1000C89DA /* Frameworks */,
				AA27CECE2C0684B1000C89DA /* Resources */,
			);
			buildRules = (
			);
			dependencies = (
			);
			name = BarUnderneath;
			productName = BarUnderneath;
			productReference = AA27CED02C0684B1000C89DA /* BarUnderneath.app */;
			productType = "com.apple.product-type.application";
		};
		AA27CEE02C0684B2000C89DA /* BarUnderneathTests */ = {
			isa = PBXNativeTarget;
			buildConfigurationList = AA27CEF82C0684B2000C89DA /* Build configuration list for PBXNativeTarget "BarUnderneathTests" */;
			buildPhases = (
				AA27CEDD2C0684B2000C89DA /* Sources */,
				AA27CEDE2C0684B2000C89DA /* Frameworks */,
				AA27CEDF2C0684B2000C89DA /* Resources */,
			);
			buildRules = (
			);
			dependencies = (
				AA27CEE32C0684B2000C89DA /* PBXTargetDependency */,
			);
			name = BarUnderneathTests;
			productName = BarUnderneathTests;
			productReference = AA27CEE12C0684B2000C89DA /* BarUnderneathTests.xctest */;
			productType = "com.apple.product-type.bundle.unit-test";
		};
		AA27CEEA2C0684B2000C89DA /* BarUnderneathUITests */ = {
			isa = PBXNativeTarget;
			buildConfigurationList = AA27CEFB2C0684B2000C89DA /* Build configuration list for PBXNativeTarget "BarUnderneathUITests" */;
			buildPhases = (
				AA27CEE72C0684B2000C89DA /* Sources */,
				AA27CEE82C0684B2000C89DA /* Frameworks */,
				AA27CEE92C0684B2000C89DA /* Resources */,
			);
			buildRules = (
			);
			dependencies = (
				AA27CEED2C0684B2000C89DA /* PBXTargetDependency */,
			);
			name = BarUnderneathUITests;
			productName = BarUnderneathUITests;
			productReference = AA27CEEB2C0684B2000C89DA /* BarUnderneathUITests.xctest */;
			productType = "com.apple.product-type.bundle.ui-testing";
		};
/* End PBXNativeTarget section */

/* Begin PBXProject section */
		AA27CEC82C0684B1000C89DA /* Project object */ = {
			isa = PBXProject;
			attributes = {
				BuildIndependentTargetsInParallel = 1;
				LastSwiftUpdateCheck = 1540;
				LastUpgradeCheck = 1540;
				TargetAttributes = {
					AA27CECF2C0684B1000C89DA = {
						CreatedOnToolsVersion = 15.4;
					};
					AA27CEE02C0684B2000C89DA = {
						CreatedOnToolsVersion = 15.4;
						TestTargetID = AA27CECF2C0684B1000C89DA;
					};
					AA27CEEA2C0684B2000C89DA = {
						CreatedOnToolsVersion = 15.4;
						TestTargetID = AA27CECF2C0684B1000C89DA;
					};
				};
			};
			buildConfigurationList = AA27CECB2C0684B1000C89DA /* Build configuration list for PBXProject "BarUnderneath" */;
			compatibilityVersion = "Xcode 14.0";
			developmentRegion = en;
			hasScannedForEncodings = 0;
			knownRegions = (
				en,
				Base,
			);
			mainGroup = AA27CEC72C0684B1000C89DA;
			productRefGroup = AA27CED12C0684B1000C89DA /* Products */;
			projectDirPath = "";
			projectRoot = "";
			targets = (
				AA27CECF2C0684B1000C89DA /* BarUnderneath */,
				AA27CEE02C0684B2000C89DA /* BarUnderneathTests */,
				AA27CEEA2C0684B2000C89DA /* BarUnderneathUITests */,
			);
		};
/* End PBXProject section */

/* Begin PBXResourcesBuildPhase section */
		AA27CECE2C0684B1000C89DA /* Resources */ = {
			isa = PBXResourcesBuildPhase;
			buildActionMask = 2147483647;
			files = (
				AA27CEDB2C0684B2000C89DA /* Preview Assets.xcassets in Resources */,
				AA27CED82C0684B2000C89DA /* Assets.xcassets in Resources */,
			);
			runOnlyForDeploymentPostprocessing = 0;
		};
		AA27CEDF2C0684B2000C89DA /* Resources */ = {
			isa = PBXResourcesBuildPhase;
			buildActionMask = 2147483647;
			files = (
			);
			runOnlyForDeploymentPostprocessing = 0;
		};
		AA27CEE92C0684B2000C89DA /* Resources */ = {
			isa = PBXResourcesBuildPhase;
			buildActionMask = 2147483647;
			files = (
			);
			runOnlyForDeploymentPostprocessing = 0;
		};
/* End PBXResourcesBuildPhase section */

/* Begin PBXSourcesBuildPhase section */
		AA27CECC2C0684B1000C89DA /* Sources */ = {
			isa = PBXSourcesBuildPhase;
			buildActionMask = 2147483647;
			files = (
				AA27CED62C0684B1000C89DA /* ContentView.swift in Sources */,
				AA27CED42C0684B1000C89DA /* BarUnderneathApp.swift in Sources */,
			);
			runOnlyForDeploymentPostprocessing = 0;
		};
		AA27CEDD2C0684B2000C89DA /* Sources */ = {
			isa = PBXSourcesBuildPhase;
			buildActionMask = 2147483647;
			files = (
				AA27CEE62C0684B2000C89DA /* BarUnderneathTests.swift in Sources */,
			);
			runOnlyForDeploymentPostprocessing = 0;
		};
		AA27CEE72C0684B2000C89DA /* Sources */ = {
			isa = PBXSourcesBuildPhase;
			buildActionMask = 2147483647;
			files = (
				AA27CEF22C0684B2000C89DA /* BarUnderneathUITestsLaunchTests.swift in Sources */,
				AA27CEF02C0684B2000C89DA /* BarUnderneathUITests.swift in Sources */,
			);
			runOnlyForDeploymentPostprocessing = 0;
		};
/* End PBXSourcesBuildPhase section */

/* Begin PBXTargetDependency section */
		AA27CEE32C0684B2000C89DA /* PBXTargetDependency */ = {
			isa = PBXTargetDependency;
			target = AA27CECF2C0684B1000C89DA /* BarUnderneath */;
			targetProxy = AA27CEE22C0684B2000C89DA /* PBXContainerItemProxy */;
		};
		AA27CEED2C0684B2000C89DA /* PBXTargetDependency */ = {
			isa = PBXTargetDependency;
			target = AA27CECF2C0684B1000C89DA /* BarUnderneath */;
			targetProxy = AA27CEEC2C0684B2000C89DA /* PBXContainerItemProxy */;
		};
/* End PBXTargetDependency section */

/* Begin XCBuildConfiguration section */
		AA27CEF32C0684B2000C89DA /* Debug */ = {
			isa = XCBuildConfiguration;
			buildSettings = {
				ALWAYS_SEARCH_USER_PATHS = NO;
				ASSETCATALOG_COMPILER_GENERATE_SWIFT_ASSET_SYMBOL_EXTENSIONS = YES;
				CLANG_ANALYZER_NONNULL = YES;
				CLANG_ANALYZER_NUMBER_OBJECT_CONVERSION = YES_AGGRESSIVE;
				CLANG_CXX_LANGUAGE_STANDARD = "gnu++20";
				CLANG_ENABLE_MODULES = YES;
				CLANG_ENABLE_OBJC_ARC = YES;
				CLANG_ENABLE_OBJC_WEAK = YES;
				CLANG_WARN_BLOCK_CAPTURE_AUTORELEASING = YES;
				CLANG_WARN_BOOL_CONVERSION = YES;
				CLANG_WARN_COMMA = YES;
				CLANG_WARN_CONSTANT_CONVERSION = YES;
				CLANG_WARN_DEPRECATED_OBJC_IMPLEMENTATIONS = YES;
				CLANG_WARN_DIRECT_OBJC_ISA_USAGE = YES_ERROR;
				CLANG_WARN_DOCUMENTATION_COMMENTS = YES;
				CLANG_WARN_EMPTY_BODY = YES;
				CLANG_WARN_ENUM_CONVERSION = YES;
				CLANG_WARN_INFINITE_RECURSION = YES;
				CLANG_WARN_INT_CONVERSION = YES;
				CLANG_WARN_NON_LITERAL_NULL_CONVERSION = YES;
				CLANG_WARN_OBJC_IMPLICIT_RETAIN_SELF = YES;
				CLANG_WARN_OBJC_LITERAL_CONVERSION = YES;
				CLANG_WARN_OBJC_ROOT_CLASS = YES_ERROR;
				CLANG_WARN_QUOTED_INCLUDE_IN_FRAMEWORK_HEADER = YES;
				CLANG_WARN_RANGE_LOOP_ANALYSIS = YES;
				CLANG_WARN_STRICT_PROTOTYPES = YES;
				CLANG_WARN_SUSPICIOUS_MOVE = YES;
				CLANG_WARN_UNGUARDED_AVAILABILITY = YES_AGGRESSIVE;
				CLANG_WARN_UNREACHABLE_CODE = YES;
				CLANG_WARN__DUPLICATE_METHOD_MATCH = YES;
				COPY_PHASE_STRIP = NO;
				DEBUG_INFORMATION_FORMAT = dwarf;
				ENABLE_STRICT_OBJC_MSGSEND = YES;
				ENABLE_TESTABILITY = YES;
				ENABLE_USER_SCRIPT_SANDBOXING = YES;
				GCC_C_LANGUAGE_STANDARD = gnu17;
				GCC_DYNAMIC_NO_PIC = NO;
				GCC_NO_COMMON_BLOCKS = YES;
				GCC_OPTIMIZATION_LEVEL = 0;
				GCC_PREPROCESSOR_DEFINITIONS = (
					"DEBUG=1",
					"$(inherited)",
				);
				GCC_WARN_64_TO_32_BIT_CONVERSION = YES;
				GCC_WARN_ABOUT_RETURN_TYPE = YES_ERROR;
				GCC_WARN_UNDECLARED_SELECTOR = YES;
				GCC_WARN_UNINITIALIZED_AUTOS = YES_AGGRESSIVE;
				GCC_WARN_UNUSED_FUNCTION = YES;
				GCC_WARN_UNUSED_VARIABLE = YES;
				LOCALIZATION_PREFERS_STRING_CATALOGS = YES;
				MACOSX_DEPLOYMENT_TARGET = 14.5;
				MTL_ENABLE_DEBUG_INFO = INCLUDE_SOURCE;
				MTL_FAST_MATH = YES;
				ONLY_ACTIVE_ARCH = YES;
				SDKROOT = macosx;
				SWIFT_ACTIVE_COMPILATION_CONDITIONS = "DEBUG $(inherited)";
				SWIFT_OPTIMIZATION_LEVEL = "-Onone";
			};
			name = Debug;
		};
		AA27CEF42C0684B2000C89DA /* Release */ = {
			isa = XCBuildConfiguration;
			buildSettings = {
				ALWAYS_SEARCH_USER_PATHS = NO;
				ASSETCATALOG_COMPILER_GENERATE_SWIFT_ASSET_SYMBOL_EXTENSIONS = YES;
				CLANG_ANALYZER_NONNULL = YES;
				CLANG_ANALYZER_NUMBER_OBJECT_CONVERSION = YES_AGGRESSIVE;
				CLANG_CXX_LANGUAGE_STANDARD = "gnu++20";
				CLANG_ENABLE_MODULES = YES;
				CLANG_ENABLE_OBJC_ARC = YES;
				CLANG_ENABLE_OBJC_WEAK = YES;
				CLANG_WARN_BLOCK_CAPTURE_AUTORELEASING = YES;
				CLANG_WARN_BOOL_CONVERSION = YES;
				CLANG_WARN_COMMA = YES;
				CLANG_WARN_CONSTANT_CONVERSION = YES;
				CLANG_WARN_DEPRECATED_OBJC_IMPLEMENTATIONS = YES;
				CLANG_WARN_DIRECT_OBJC_ISA_USAGE = YES_ERROR;
				CLANG_WARN_DOCUMENTATION_COMMENTS = YES;
				CLANG_WARN_EMPTY_BODY = YES;
				CLANG_WARN_ENUM_CONVERSION = YES;
				CLANG_WARN_INFINITE_RECURSION = YES;
				CLANG_WARN_INT_CONVERSION = YES;
				CLANG_WARN_NON_LITERAL_NULL_CONVERSION = YES;
				CLANG_WARN_OBJC_IMPLICIT_RETAIN_SELF = YES;
				CLANG_WARN_OBJC_LITERAL_CONVERSION = YES;
				CLANG_WARN_OBJC_ROOT_CLASS = YES_ERROR;
				CLANG_WARN_QUOTED_INCLUDE_IN_FRAMEWORK_HEADER = YES;
				CLANG_WARN_RANGE_LOOP_ANALYSIS = YES;
				CLANG_WARN_STRICT_PROTOTYPES = YES;
				CLANG_WARN_SUSPICIOUS_MOVE = YES;
				CLANG_WARN_UNGUARDED_AVAILABILITY = YES_AGGRESSIVE;
				CLANG_WARN_UNREACHABLE_CODE = YES;
				CLANG_WARN__DUPLICATE_METHOD_MATCH = YES;
				COPY_PHASE_STRIP = NO;
				DEBUG_INFORMATION_FORMAT = "dwarf-with-dsym";
				ENABLE_NS_ASSERTIONS = NO;
				ENABLE_STRICT_OBJC_MSGSEND = YES;
				ENABLE_USER_SCRIPT_SANDBOXING = YES;
				GCC_C_LANGUAGE_STANDARD = gnu17;
				GCC_NO_COMMON_BLOCKS = YES;
				GCC_WARN_64_TO_32_BIT_CONVERSION = YES;
				GCC_WARN_ABOUT_RETURN_TYPE = YES_ERROR;
				GCC_WARN_UNDECLARED_SELECTOR = YES;
				GCC_WARN_UNINITIALIZED_AUTOS = YES_AGGRESSIVE;
				GCC_WARN_UNUSED_FUNCTION = YES;
				GCC_WARN_UNUSED_VARIABLE = YES;
				LOCALIZATION_PREFERS_STRING_CATALOGS = YES;
				MACOSX_DEPLOYMENT_TARGET = 14.5;
				MTL_ENABLE_DEBUG_INFO = NO;
				MTL_FAST_MATH = YES;
				SDKROOT = macosx;
				SWIFT_COMPILATION_MODE = wholemodule;
			};
			name = Release;
		};
		AA27CEF62C0684B2000C89DA /* Debug */ = {
			isa = XCBuildConfiguration;
			buildSettings = {
				ASSETCATALOG_COMPILER_APPICON_NAME = AppIcon;
				ASSETCATALOG_COMPILER_GLOBAL_ACCENT_COLOR_NAME = AccentColor;
				CODE_SIGN_ENTITLEMENTS = BarUnderneath/BarUnderneath.entitlements;
				CODE_SIGN_STYLE = Automatic;
				COMBINE_HIDPI_IMAGES = YES;
				CURRENT_PROJECT_VERSION = 1;
				DEVELOPMENT_ASSET_PATHS = "\"BarUnderneath/Preview Content\"";
				DEVELOPMENT_TEAM = FF54H898ZR;
				ENABLE_HARDENED_RUNTIME = YES;
				ENABLE_PREVIEWS = YES;
				GENERATE_INFOPLIST_FILE = YES;
				INFOPLIST_KEY_NSHumanReadableCopyright = "";
				LD_RUNPATH_SEARCH_PATHS = (
					"$(inherited)",
					"@executable_path/../Frameworks",
				);
				MARKETING_VERSION = 1.0;
				PRODUCT_BUNDLE_IDENTIFIER = fleabag.solutions.BarUnderneath;
				PRODUCT_NAME = "$(TARGET_NAME)";
				SWIFT_EMIT_LOC_STRINGS = YES;
				SWIFT_VERSION = 5.0;
			};
			name = Debug;
		};
		AA27CEF72C0684B2000C89DA /* Release */ = {
			isa = XCBuildConfiguration;
			buildSettings = {
				ASSETCATALOG_COMPILER_APPICON_NAME = AppIcon;
				ASSETCATALOG_COMPILER_GLOBAL_ACCENT_COLOR_NAME = AccentColor;
				CODE_SIGN_ENTITLEMENTS = BarUnderneath/BarUnderneath.entitlements;
				CODE_SIGN_STYLE = Automatic;
				COMBINE_HIDPI_IMAGES = YES;
				CURRENT_PROJECT_VERSION = 1;
				DEVELOPMENT_ASSET_PATHS = "\"BarUnderneath/Preview Content\"";
				DEVELOPMENT_TEAM = FF54H898ZR;
				ENABLE_HARDENED_RUNTIME = YES;
				ENABLE_PREVIEWS = YES;
				GENERATE_INFOPLIST_FILE = YES;
				INFOPLIST_KEY_NSHumanReadableCopyright = "";
				LD_RUNPATH_SEARCH_PATHS = (
					"$(inherited)",
					"@executable_path/../Frameworks",
				);
				MARKETING_VERSION = 1.0;
				PRODUCT_BUNDLE_IDENTIFIER = fleabag.solutions.BarUnderneath;
				PRODUCT_NAME = "$(TARGET_NAME)";
				SWIFT_EMIT_LOC_STRINGS = YES;
				SWIFT_VERSION = 5.0;
			};
			name = Release;
		};
		AA27CEF92C0684B2000C89DA /* Debug */ = {
			isa = XCBuildConfiguration;
			buildSettings = {
				ALWAYS_EMBED_SWIFT_STANDARD_LIBRARIES = YES;
				BUNDLE_LOADER = "$(TEST_HOST)";
				CODE_SIGN_STYLE = Automatic;
				CURRENT_PROJECT_VERSION = 1;
				DEVELOPMENT_TEAM = FF54H898ZR;
				GENERATE_INFOPLIST_FILE = YES;
				MACOSX_DEPLOYMENT_TARGET = 14.5;
				MARKETING_VERSION = 1.0;
				PRODUCT_BUNDLE_IDENTIFIER = fleabag.solutions.BarUnderneathTests;
				PRODUCT_NAME = "$(TARGET_NAME)";
				SWIFT_EMIT_LOC_STRINGS = NO;
				SWIFT_VERSION = 5.0;
				TEST_HOST = "$(BUILT_PRODUCTS_DIR)/BarUnderneath.app/$(BUNDLE_EXECUTABLE_FOLDER_PATH)/BarUnderneath";
			};
			name = Debug;
		};
		AA27CEFA2C0684B2000C89DA /* Release */ = {
			isa = XCBuildConfiguration;
			buildSettings = {
				ALWAYS_EMBED_SWIFT_STANDARD_LIBRARIES = YES;
				BUNDLE_LOADER = "$(TEST_HOST)";
				CODE_SIGN_STYLE = Automatic;
				CURRENT_PROJECT_VERSION = 1;
				DEVELOPMENT_TEAM = FF54H898ZR;
				GENERATE_INFOPLIST_FILE = YES;
				MACOSX_DEPLOYMENT_TARGET = 14.5;
				MARKETING_VERSION = 1.0;
				PRODUCT_BUNDLE_IDENTIFIER = fleabag.solutions.BarUnderneathTests;
				PRODUCT_NAME = "$(TARGET_NAME)";
				SWIFT_EMIT_LOC_STRINGS = NO;
				SWIFT_VERSION = 5.0;
				TEST_HOST = "$(BUILT_PRODUCTS_DIR)/BarUnderneath.app/$(BUNDLE_EXECUTABLE_FOLDER_PATH)/BarUnderneath";
			};
			name = Release;
		};
		AA27CEFC2C0684B2000C89DA /* Debug */ = {
			isa = XCBuildConfiguration;
			buildSettings = {
				ALWAYS_EMBED_SWIFT_STANDARD_LIBRARIES = YES;
				CODE_SIGN_STYLE = Automatic;
				CURRENT_PROJECT_VERSION = 1;
				DEVELOPMENT_TEAM = FF54H898ZR;
				GENERATE_INFOPLIST_FILE = YES;
				MARKETING_VERSION = 1.0;
				PRODUCT_BUNDLE_IDENTIFIER = fleabag.solutions.BarUnderneathUITests;
				PRODUCT_NAME = "$(TARGET_NAME)";
				SWIFT_EMIT_LOC_STRINGS = NO;
				SWIFT_VERSION = 5.0;
				TEST_TARGET_NAME = BarUnderneath;
			};
			name = Debug;
		};
		AA27CEFD2C0684B2000C89DA /* Release */ = {
			isa = XCBuildConfiguration;
			buildSettings = {
				ALWAYS_EMBED_SWIFT_STANDARD_LIBRARIES = YES;
				CODE_SIGN_STYLE = Automatic;
				CURRENT_PROJECT_VERSION = 1;
				DEVELOPMENT_TEAM = FF54H898ZR;
				GENERATE_INFOPLIST_FILE = YES;
				MARKETING_VERSION = 1.0;
				PRODUCT_BUNDLE_IDENTIFIER = fleabag.solutions.BarUnderneathUITests;
				PRODUCT_NAME = "$(TARGET_NAME)";
				SWIFT_EMIT_LOC_STRINGS = NO;
				SWIFT_VERSION = 5.0;
				TEST_TARGET_NAME = BarUnderneath;
			};
			name = Release;
		};
/* End XCBuildConfiguration section */

/* Begin XCConfigurationList section */
		AA27CECB2C0684B1000C89DA /* Build configuration list for PBXProject "BarUnderneath" */ = {
			isa = XCConfigurationList;
			buildConfigurations = (
				AA27CEF32C0684B2000C89DA /* Debug */,
				AA27CEF42C0684B2000C89DA /* Release */,
			);
			defaultConfigurationIsVisible = 0;
			defaultConfigurationName = Release;
		};
		AA27CEF52C0684B2000C89DA /* Build configuration list for PBXNativeTarget "BarUnderneath" */ = {
			isa = XCConfigurationList;
			buildConfigurations = (
				AA27CEF62C0684B2000C89DA /* Debug */,
				AA27CEF72C0684B2000C89DA /* Release */,
			);
			defaultConfigurationIsVisible = 0;
			defaultConfigurationName = Release;
		};
		AA27CEF82C0684B2000C89DA /* Build configuration list for PBXNativeTarget "BarUnderneathTests" */ = {
			isa = XCConfigurationList;
			buildConfigurations = (
				AA27CEF92C0684B2000C89DA /* Debug */,
				AA27CEFA2C0684B2000C89DA /* Release */,
			);
			defaultConfigurationIsVisible = 0;
			defaultConfigurationName = Release;
		};
		AA27CEFB2C0684B2000C89DA /* Build configuration list for PBXNativeTarget "BarUnderneathUITests" */ = {
			isa = XCConfigurationList;
			buildConfigurations = (
				AA27CEFC2C0684B2000C89DA /* Debug */,
				AA27CEFD2C0684B2000C89DA /* Release */,
			);
			defaultConfigurationIsVisible = 0;
			defaultConfigurationName = Release;
		};
/* End XCConfigurationList section */
	};
	rootObject = AA27CEC82C0684B1000C89DA /* Project object */;
}
